// !$*UTF8*$!
{
	archiveVersion = 1;
	classes = {
	};
	objectVersion = 77;
	objects = {

/* Begin PBXBuildFile section */
		AA10000000000000000000AB /* MyInventoryWidgets.appex in Embed Foundation Extensions */ = {isa = PBXBuildFile; fileRef = AA10000000000000000000A1 /* MyInventoryWidgets.appex */; settings = {ATTRIBUTES = (RemoveHeadersOnCopy, ); }; };
		5CB0DA000000000000000003 /* Clibsodium in Frameworks */ = {isa = PBXBuildFile; productRef = 5CB0DA000000000000000002 /* Clibsodium */; };
/* End PBXBuildFile section */

/* Begin PBXContainerItemProxy section */
		AA10000000000000000000AC /* PBXContainerItemProxy */ = {
			isa = PBXContainerItemProxy;
			containerPortal = 4B512D302FD6867B0054983D /* Project object */;
			proxyType = 1;
			remoteGlobalIDString = AA10000000000000000000A3;
			remoteInfo = MyInventoryWidgets;
		};
		4B512D482FD6867C0054983D /* PBXContainerItemProxy */ = {
			isa = PBXContainerItemProxy;
			containerPortal = 4B512D302FD6867B0054983D /* Project object */;
			proxyType = 1;
			remoteGlobalIDString = 4B512D372FD6867B0054983D;
			remoteInfo = MyInventory;
		};
		4B512D522FD6867C0054983D /* PBXContainerItemProxy */ = {
			isa = PBXContainerItemProxy;
			containerPortal = 4B512D302FD6867B0054983D /* Project object */;
			proxyType = 1;
			remoteGlobalIDString = 4B512D372FD6867B0054983D;
			remoteInfo = MyInventory;
		};
/* End PBXContainerItemProxy section */

/* Begin PBXFileReference section */
		AA10000000000000000000A1 /* MyInventoryWidgets.appex */ = {isa = PBXFileReference; explicitFileType = "wrapper.app-extension"; includeInIndex = 0; path = MyInventoryWidgets.appex; sourceTree = BUILT_PRODUCTS_DIR; };
		4B512D382FD6867B0054983D /* MyInventory.app */ = {isa = PBXFileReference; explicitFileType = wrapper.application; includeInIndex = 0; path = MyInventory.app; sourceTree = BUILT_PRODUCTS_DIR; };
		4B512D472FD6867C0054983D /* MyInventoryTests.xctest */ = {isa = PBXFileReference; explicitFileType = wrapper.cfbundle; includeInIndex = 0; path = MyInventoryTests.xctest; sourceTree = BUILT_PRODUCTS_DIR; };
		4B512D512FD6867C0054983D /* MyInventoryUITests.xctest */ = {isa = PBXFileReference; explicitFileType = wrapper.cfbundle; includeInIndex = 0; path = MyInventoryUITests.xctest; sourceTree = BUILT_PRODUCTS_DIR; };
/* End PBXFileReference section */

/* Begin PBXFileSystemSynchronizedBuildFileExceptionSet section */
		AA10000000000000000000AE /* Exceptions for "MyInventoryWidgets" folder in "MyInventoryWidgets" target */ = {
			isa = PBXFileSystemSynchronizedBuildFileExceptionSet;
			membershipExceptions = (
				Info.plist,
			);
			target = AA10000000000000000000A3 /* MyInventoryWidgets */;
		};
/* End PBXFileSystemSynchronizedBuildFileExceptionSet section */

/* Begin PBXFileSystemSynchronizedRootGroup section */
		AA10000000000000000000A2 /* MyInventoryWidgets */ = {
			isa = PBXFileSystemSynchronizedRootGroup;
			exceptions = (
				AA10000000000000000000AE /* Exceptions for "MyInventoryWidgets" folder in "MyInventoryWidgets" target */,
			);
			path = MyInventoryWidgets;
			sourceTree = "<group>";
		};
		4B512D3A2FD6867B0054983D /* MyInventory */ = {
			isa = PBXFileSystemSynchronizedRootGroup;
			path = MyInventory;
			sourceTree = "<group>";
		};
		4B512D4A2FD6867C0054983D /* MyInventoryTests */ = {
			isa = PBXFileSystemSynchronizedRootGroup;
			path = MyInventoryTests;
			sourceTree = "<group>";
		};
		4B512D542FD6867C0054983D /* MyInventoryUITests */ = {
			isa = PBXFileSystemSynchronizedRootGroup;
			path = MyInventoryUITests;
			sourceTree = "<group>";
		};
/* End PBXFileSystemSynchronizedRootGroup section */

/* Begin PBXFrameworksBuildPhase section */
		4B512D352FD6867B0054983D /* Frameworks */ = {
			isa = PBXFrameworksBuildPhase;
			buildActionMask = 2147483647;
			files = (
				5CB0DA000000000000000003 /* Clibsodium in Frameworks */,
			);
			runOnlyForDeploymentPostprocessing = 0;
		};
		4B512D442FD6867C0054983D /* Frameworks */ = {
			isa = PBXFrameworksBuildPhase;
			buildActionMask = 2147483647;
			files = (
			);
			runOnlyForDeploymentPostprocessing = 0;
		};
		4B512D4E2FD6867C0054983D /* Frameworks */ = {
			isa = PBXFrameworksBuildPhase;
			buildActionMask = 2147483647;
			files = (
			);
			runOnlyForDeploymentPostprocessing = 0;
		};
		AA10000000000000000000A5 /* Frameworks */ = {
			isa = PBXFrameworksBuildPhase;
			buildActionMask = 2147483647;
			files = (
			);
			runOnlyForDeploymentPostprocessing = 0;
		};
/* End PBXFrameworksBuildPhase section */

/* Begin PBXCopyFilesBuildPhase section */
		AA10000000000000000000AA /* Embed Foundation Extensions */ = {
			isa = PBXCopyFilesBuildPhase;
			buildActionMask = 2147483647;
			dstPath = "";
			dstSubfolderSpec = 13;
			files = (
				AA10000000000000000000AB /* MyInventoryWidgets.appex in Embed Foundation Extensions */,
			);
			name = "Embed Foundation Extensions";
			runOnlyForDeploymentPostprocessing = 0;
		};
/* End PBXCopyFilesBuildPhase section */

/* Begin PBXGroup section */
		4B512D2F2FD6867B0054983D = {
			isa = PBXGroup;
			children = (
				4B512D3A2FD6867B0054983D /* MyInventory */,
				AA10000000000000000000A2 /* MyInventoryWidgets */,
				4B512D4A2FD6867C0054983D /* MyInventoryTests */,
				4B512D542FD6867C0054983D /* MyInventoryUITests */,
				4B512D392FD6867B0054983D /* Products */,
			);
			sourceTree = "<group>";
		};
		4B512D392FD6867B0054983D /* Products */ = {
			isa = PBXGroup;
			children = (
				4B512D382FD6867B0054983D /* MyInventory.app */,
				AA10000000000000000000A1 /* MyInventoryWidgets.appex */,
				4B512D472FD6867C0054983D /* MyInventoryTests.xctest */,
				4B512D512FD6867C0054983D /* MyInventoryUITests.xctest */,
			);
			name = Products;
			sourceTree = "<group>";
		};
/* End PBXGroup section */

/* Begin PBXNativeTarget section */
		4B512D372FD6867B0054983D /* MyInventory */ = {
			isa = PBXNativeTarget;
			buildConfigurationList = 4B512D5B2FD6867C0054983D /* Build configuration list for PBXNativeTarget "MyInventory" */;
			buildPhases = (
				4B512D342FD6867B0054983D /* Sources */,
				4B512D352FD6867B0054983D /* Frameworks */,
				4B512D362FD6867B0054983D /* Resources */,
				AA10000000000000000000AA /* Embed Foundation Extensions */,
			);
			buildRules = (
			);
			dependencies = (
				AA10000000000000000000AD /* PBXTargetDependency */,
			);
			fileSystemSynchronizedGroups = (
				4B512D3A2FD6867B0054983D /* MyInventory */,
			);
			name = MyInventory;
			packageProductDependencies = (
				5CB0DA000000000000000002 /* Clibsodium */,
			);
			productName = MyInventory;
			productReference = 4B512D382FD6867B0054983D /* MyInventory.app */;
			productType = "com.apple.product-type.application";
		};
		AA10000000000000000000A3 /* MyInventoryWidgets */ = {
			isa = PBXNativeTarget;
			buildConfigurationList = AA10000000000000000000A9 /* Build configuration list for PBXNativeTarget "MyInventoryWidgets" */;
			buildPhases = (
				AA10000000000000000000A4 /* Sources */,
				AA10000000000000000000A5 /* Frameworks */,
				AA10000000000000000000A6 /* Resources */,
			);
			buildRules = (
			);
			dependencies = (
			);
			fileSystemSynchronizedGroups = (
				AA10000000000000000000A2 /* MyInventoryWidgets */,
			);
			name = MyInventoryWidgets;
			packageProductDependencies = (
			);
			productName = MyInventoryWidgets;
			productReference = AA10000000000000000000A1 /* MyInventoryWidgets.appex */;
			productType = "com.apple.product-type.app-extension";
		};
		4B512D462FD6867C0054983D /* MyInventoryTests */ = {
			isa = PBXNativeTarget;
			buildConfigurationList = 4B512D5E2FD6867C0054983D /* Build configuration list for PBXNativeTarget "MyInventoryTests" */;
			buildPhases = (
				4B512D432FD6867C0054983D /* Sources */,
				4B512D442FD6867C0054983D /* Frameworks */,
				4B512D452FD6867C0054983D /* Resources */,
			);
			buildRules = (
			);
			dependencies = (
				4B512D492FD6867C0054983D /* PBXTargetDependency */,
			);
			fileSystemSynchronizedGroups = (
				4B512D4A2FD6867C0054983D /* MyInventoryTests */,
			);
			name = MyInventoryTests;
			packageProductDependencies = (
			);
			productName = MyInventoryTests;
			productReference = 4B512D472FD6867C0054983D /* MyInventoryTests.xctest */;
			productType = "com.apple.product-type.bundle.unit-test";
		};
		4B512D502FD6867C0054983D /* MyInventoryUITests */ = {
			isa = PBXNativeTarget;
			buildConfigurationList = 4B512D612FD6867C0054983D /* Build configuration list for PBXNativeTarget "MyInventoryUITests" */;
			buildPhases = (
				4B512D4D2FD6867C0054983D /* Sources */,
				4B512D4E2FD6867C0054983D /* Frameworks */,
				4B512D4F2FD6867C0054983D /* Resources */,
			);
			buildRules = (
			);
			dependencies = (
				4B512D532FD6867C0054983D /* PBXTargetDependency */,
			);
			fileSystemSynchronizedGroups = (
				4B512D542FD6867C0054983D /* MyInventoryUITests */,
			);
			name = MyInventoryUITests;
			packageProductDependencies = (
			);
			productName = MyInventoryUITests;
			productReference = 4B512D512FD6867C0054983D /* MyInventoryUITests.xctest */;
			productType = "com.apple.product-type.bundle.ui-testing";
		};
/* End PBXNativeTarget section */

/* Begin PBXProject section */
		4B512D302FD6867B0054983D /* Project object */ = {
			isa = PBXProject;
			attributes = {
				BuildIndependentTargetsInParallel = 1;
				LastSwiftUpdateCheck = 2650;
				LastUpgradeCheck = 2650;
				TargetAttributes = {
					4B512D372FD6867B0054983D = {
						CreatedOnToolsVersion = 26.5;
					};
					AA10000000000000000000A3 = {
						CreatedOnToolsVersion = 26.5;
					};
					4B512D462FD6867C0054983D = {
						CreatedOnToolsVersion = 26.5;
						TestTargetID = 4B512D372FD6867B0054983D;
					};
					4B512D502FD6867C0054983D = {
						CreatedOnToolsVersion = 26.5;
						TestTargetID = 4B512D372FD6867B0054983D;
					};
				};
			};
			buildConfigurationList = 4B512D332FD6867B0054983D /* Build configuration list for PBXProject "MyInventory" */;
			developmentRegion = en;
			hasScannedForEncodings = 0;
			knownRegions = (
				en,
				Base,
			);
			mainGroup = 4B512D2F2FD6867B0054983D;
			minimizedProjectReferenceProxies = 1;
			packageReferences = (
				5CB0DA000000000000000001 /* XCRemoteSwiftPackageReference "swift-sodium" */,
			);
			preferredProjectObjectVersion = 77;
			productRefGroup = 4B512D392FD6867B0054983D /* Products */;
			projectDirPath = "";
			projectRoot = "";
			targets = (
				4B512D372FD6867B0054983D /* MyInventory */,
				AA10000000000000000000A3 /* MyInventoryWidgets */,
				4B512D462FD6867C0054983D /* MyInventoryTests */,
				4B512D502FD6867C0054983D /* MyInventoryUITests */,
			);
		};
/* End PBXProject section */

/* Begin PBXResourcesBuildPhase section */
		4B512D362FD6867B0054983D /* Resources */ = {
			isa = PBXResourcesBuildPhase;
			buildActionMask = 2147483647;
			files = (
			);
			runOnlyForDeploymentPostprocessing = 0;
		};
		4B512D452FD6867C0054983D /* Resources */ = {
			isa = PBXResourcesBuildPhase;
			buildActionMask = 2147483647;
			files = (
			);
			runOnlyForDeploymentPostprocessing = 0;
		};
		4B512D4F2FD6867C0054983D /* Resources */ = {
			isa = PBXResourcesBuildPhase;
			buildActionMask = 2147483647;
			files = (
			);
			runOnlyForDeploymentPostprocessing = 0;
		};
		AA10000000000000000000A6 /* Resources */ = {
			isa = PBXResourcesBuildPhase;
			buildActionMask = 2147483647;
			files = (
			);
			runOnlyForDeploymentPostprocessing = 0;
		};
/* End PBXResourcesBuildPhase section */

/* Begin PBXSourcesBuildPhase section */
		4B512D342FD6867B0054983D /* Sources */ = {
			isa = PBXSourcesBuildPhase;
			buildActionMask = 2147483647;
			files = (
			);
			runOnlyForDeploymentPostprocessing = 0;
		};
		4B512D432FD6867C0054983D /* Sources */ = {
			isa = PBXSourcesBuildPhase;
			buildActionMask = 2147483647;
			files = (
			);
			runOnlyForDeploymentPostprocessing = 0;
		};
		4B512D4D2FD6867C0054983D /* Sources */ = {
			isa = PBXSourcesBuildPhase;
			buildActionMask = 2147483647;
			files = (
			);
			runOnlyForDeploymentPostprocessing = 0;
		};
		AA10000000000000000000A4 /* Sources */ = {
			isa = PBXSourcesBuildPhase;
			buildActionMask = 2147483647;
			files = (
			);
			runOnlyForDeploymentPostprocessing = 0;
		};
/* End PBXSourcesBuildPhase section */

/* Begin PBXTargetDependency section */
		4B512D492FD6867C0054983D /* PBXTargetDependency */ = {
			isa = PBXTargetDependency;
			target = 4B512D372FD6867B0054983D /* MyInventory */;
			targetProxy = 4B512D482FD6867C0054983D /* PBXContainerItemProxy */;
		};
		4B512D532FD6867C0054983D /* PBXTargetDependency */ = {
			isa = PBXTargetDependency;
			target = 4B512D372FD6867B0054983D /* MyInventory */;
			targetProxy = 4B512D522FD6867C0054983D /* PBXContainerItemProxy */;
		};
		AA10000000000000000000AD /* PBXTargetDependency */ = {
			isa = PBXTargetDependency;
			target = AA10000000000000000000A3 /* MyInventoryWidgets */;
			targetProxy = AA10000000000000000000AC /* PBXContainerItemProxy */;
		};
/* End PBXTargetDependency section */

/* Begin XCBuildConfiguration section */
		4B512D592FD6867C0054983D /* Debug */ = {
			isa = XCBuildConfiguration;
			buildSettings = {
				ALWAYS_SEARCH_USER_PATHS = NO;
				ASSETCATALOG_COMPILER_GENERATE_SWIFT_ASSET_SYMBOL_EXTENSIONS = YES;
				CLANG_ANALYZER_NONNULL = YES;
				CLANG_ANALYZER_NUMBER_OBJECT_CONVERSION = YES_AGGRESSIVE;
				CLANG_CXX_LANGUAGE_STANDARD = "gnu++20";
				CLANG_ENABLE_MODULES = YES;
				CLANG_ENABLE_OBJC_ARC = YES;
				CLANG_ENABLE_OBJC_WEAK = YES;
				CLANG_WARN_BLOCK_CAPTURE_AUTORELEASING = YES;
				CLANG_WARN_BOOL_CONVERSION = YES;
				CLANG_WARN_COMMA = YES;
				CLANG_WARN_CONSTANT_CONVERSION = YES;
				CLANG_WARN_DEPRECATED_OBJC_IMPLEMENTATIONS = YES;
				CLANG_WARN_DIRECT_OBJC_ISA_USAGE = YES_ERROR;
				CLANG_WARN_DOCUMENTATION_COMMENTS = YES;
				CLANG_WARN_EMPTY_BODY = YES;
				CLANG_WARN_ENUM_CONVERSION = YES;
				CLANG_WARN_INFINITE_RECURSION = YES;
				CLANG_WARN_INT_CONVERSION = YES;
				CLANG_WARN_NON_LITERAL_NULL_CONVERSION = YES;
				CLANG_WARN_OBJC_IMPLICIT_RETAIN_SELF = YES;
				CLANG_WARN_OBJC_LITERAL_CONVERSION = YES;
				CLANG_WARN_OBJC_ROOT_CLASS = YES_ERROR;
				CLANG_WARN_QUOTED_INCLUDE_IN_FRAMEWORK_HEADER = YES;
				CLANG_WARN_RANGE_LOOP_ANALYSIS = YES;
				CLANG_WARN_STRICT_PROTOTYPES = YES;
				CLANG_WARN_SUSPICIOUS_MOVE = YES;
				CLANG_WARN_UNGUARDED_AVAILABILITY = YES_AGGRESSIVE;
				CLANG_WARN_UNREACHABLE_CODE = YES;
				CLANG_WARN__DUPLICATE_METHOD_MATCH = YES;
				COPY_PHASE_STRIP = NO;
				DEBUG_INFORMATION_FORMAT = dwarf;
				DEVELOPMENT_TEAM = 974NJFKQLF;
				ENABLE_STRICT_OBJC_MSGSEND = YES;
				ENABLE_TESTABILITY = YES;
				ENABLE_USER_SCRIPT_SANDBOXING = YES;
				GCC_C_LANGUAGE_STANDARD = gnu17;
				GCC_DYNAMIC_NO_PIC = NO;
				GCC_NO_COMMON_BLOCKS = YES;
				GCC_OPTIMIZATION_LEVEL = 0;
				GCC_PREPROCESSOR_DEFINITIONS = (
					"DEBUG=1",
					"$(inherited)",
				);
				GCC_WARN_64_TO_32_BIT_CONVERSION = YES;
				GCC_WARN_ABOUT_RETURN_TYPE = YES_ERROR;
				GCC_WARN_UNDECLARED_SELECTOR = YES;
				GCC_WARN_UNINITIALIZED_AUTOS = YES_AGGRESSIVE;
				GCC_WARN_UNUSED_FUNCTION = YES;
				GCC_WARN_UNUSED_VARIABLE = YES;
				IPHONEOS_DEPLOYMENT_TARGET = 26.0;
				LOCALIZATION_PREFERS_STRING_CATALOGS = YES;
				MTL_ENABLE_DEBUG_INFO = INCLUDE_SOURCE;
				MTL_FAST_MATH = YES;
				ONLY_ACTIVE_ARCH = YES;
				SDKROOT = iphoneos;
				SWIFT_ACTIVE_COMPILATION_CONDITIONS = "DEBUG $(inherited)";
				SWIFT_OPTIMIZATION_LEVEL = "-Onone";
			};
			name = Debug;
		};
		4B512D5A2FD6867C0054983D /* Release */ = {
			isa = XCBuildConfiguration;
			buildSettings = {
				ALWAYS_SEARCH_USER_PATHS = NO;
				ASSETCATALOG_COMPILER_GENERATE_SWIFT_ASSET_SYMBOL_EXTENSIONS = YES;
				CLANG_ANALYZER_NONNULL = YES;
				CLANG_ANALYZER_NUMBER_OBJECT_CONVERSION = YES_AGGRESSIVE;
				CLANG_CXX_LANGUAGE_STANDARD = "gnu++20";
				CLANG_ENABLE_MODULES = YES;
				CLANG_ENABLE_OBJC_ARC = YES;
				CLANG_ENABLE_OBJC_WEAK = YES;
				CLANG_WARN_BLOCK_CAPTURE_AUTORELEASING = YES;
				CLANG_WARN_BOOL_CONVERSION = YES;
				CLANG_WARN_COMMA = YES;
				CLANG_WARN_CONSTANT_CONVERSION = YES;
				CLANG_WARN_DEPRECATED_OBJC_IMPLEMENTATIONS = YES;
				CLANG_WARN_DIRECT_OBJC_ISA_USAGE = YES_ERROR;
				CLANG_WARN_DOCUMENTATION_COMMENTS = YES;
				CLANG_WARN_EMPTY_BODY = YES;
				CLANG_WARN_ENUM_CONVERSION = YES;
				CLANG_WARN_INFINITE_RECURSION = YES;
				CLANG_WARN_INT_CONVERSION = YES;
				CLANG_WARN_NON_LITERAL_NULL_CONVERSION = YES;
				CLANG_WARN_OBJC_IMPLICIT_RETAIN_SELF = YES;
				CLANG_WARN_OBJC_LITERAL_CONVERSION = YES;
				CLANG_WARN_OBJC_ROOT_CLASS = YES_ERROR;
				CLANG_WARN_QUOTED_INCLUDE_IN_FRAMEWORK_HEADER = YES;
				CLANG_WARN_RANGE_LOOP_ANALYSIS = YES;
				CLANG_WARN_STRICT_PROTOTYPES = YES;
				CLANG_WARN_SUSPICIOUS_MOVE = YES;
				CLANG_WARN_UNGUARDED_AVAILABILITY = YES_AGGRESSIVE;
				CLANG_WARN_UNREACHABLE_CODE = YES;
				CLANG_WARN__DUPLICATE_METHOD_MATCH = YES;
				COPY_PHASE_STRIP = NO;
				DEBUG_INFORMATION_FORMAT = "dwarf-with-dsym";
				DEVELOPMENT_TEAM = 974NJFKQLF;
				ENABLE_NS_ASSERTIONS = NO;
				ENABLE_STRICT_OBJC_MSGSEND = YES;
				ENABLE_USER_SCRIPT_SANDBOXING = YES;
				GCC_C_LANGUAGE_STANDARD = gnu17;
				GCC_NO_COMMON_BLOCKS = YES;
				GCC_WARN_64_TO_32_BIT_CONVERSION = YES;
				GCC_WARN_ABOUT_RETURN_TYPE = YES_ERROR;
				GCC_WARN_UNDECLARED_SELECTOR = YES;
				GCC_WARN_UNINITIALIZED_AUTOS = YES_AGGRESSIVE;
				GCC_WARN_UNUSED_FUNCTION = YES;
				GCC_WARN_UNUSED_VARIABLE = YES;
				IPHONEOS_DEPLOYMENT_TARGET = 26.0;
				LOCALIZATION_PREFERS_STRING_CATALOGS = YES;
				MTL_ENABLE_DEBUG_INFO = NO;
				MTL_FAST_MATH = YES;
				SDKROOT = iphoneos;
				SWIFT_COMPILATION_MODE = wholemodule;
				VALIDATE_PRODUCT = YES;
			};
			name = Release;
		};
		4B512D5C2FD6867C0054983D /* Debug */ = {
			isa = XCBuildConfiguration;
			buildSettings = {
				ASSETCATALOG_COMPILER_APPICON_NAME = AppIcon;
				ASSETCATALOG_COMPILER_GLOBAL_ACCENT_COLOR_NAME = AccentColor;
				CODE_SIGN_ENTITLEMENTS = MyInventory/MyInventory.entitlements;
				CODE_SIGN_STYLE = Automatic;
				CURRENT_PROJECT_VERSION = 5;
				DEVELOPMENT_TEAM = 974NJFKQLF;
				ENABLE_PREVIEWS = YES;
				GENERATE_INFOPLIST_FILE = YES;
				INFOPLIST_KEY_ITSAppUsesNonExemptEncryption = NO;
					INFOPLIST_KEY_NSCameraUsageDescription = "Used to photograph your supplies for easy identification.";
				INFOPLIST_KEY_UIApplicationSceneManifest_Generation = YES;
				INFOPLIST_KEY_UIApplicationSupportsIndirectInputEvents = YES;
				INFOPLIST_KEY_UILaunchScreen_Generation = YES;
				INFOPLIST_KEY_UISupportedInterfaceOrientations_iPad = "UIInterfaceOrientationPortrait UIInterfaceOrientationPortraitUpsideDown UIInterfaceOrientationLandscapeLeft UIInterfaceOrientationLandscapeRight";
				INFOPLIST_KEY_UISupportedInterfaceOrientations_iPhone = "UIInterfaceOrientationPortrait UIInterfaceOrientationLandscapeLeft UIInterfaceOrientationLandscapeRight";
				LD_RUNPATH_SEARCH_PATHS = (
					"$(inherited)",
					"@executable_path/Frameworks",
				);
				MARKETING_VERSION = 1.0;
				PRODUCT_BUNDLE_IDENTIFIER = CharlieW.MyInventory;
				PRODUCT_NAME = "$(TARGET_NAME)";
				STRING_CATALOG_GENERATE_SYMBOLS = YES;
				SWIFT_APPROACHABLE_CONCURRENCY = YES;
				SWIFT_DEFAULT_ACTOR_ISOLATION = MainActor;
				SWIFT_EMIT_LOC_STRINGS = YES;
				SWIFT_UPCOMING_FEATURE_MEMBER_IMPORT_VISIBILITY = YES;
				SWIFT_VERSION = 5.0;
				TARGETED_DEVICE_FAMILY = "1,2";
			};
			name = Debug;
		};
		4B512D5D2FD6867C0054983D /* Release */ = {
			isa = XCBuildConfiguration;
			buildSettings = {
				ASSETCATALOG_COMPILER_APPICON_NAME = AppIcon;
				ASSETCATALOG_COMPILER_GLOBAL_ACCENT_COLOR_NAME = AccentColor;
				CODE_SIGN_ENTITLEMENTS = MyInventory/MyInventory.entitlements;
				CODE_SIGN_IDENTITY = "Apple Distribution";
				CODE_SIGN_STYLE = Manual;
				PROVISIONING_PROFILE_SPECIFIER = "MyInventory App Store";
				CURRENT_PROJECT_VERSION = 5;
				DEVELOPMENT_TEAM = 974NJFKQLF;
				ENABLE_PREVIEWS = YES;
				GENERATE_INFOPLIST_FILE = YES;
				INFOPLIST_KEY_ITSAppUsesNonExemptEncryption = NO;
					INFOPLIST_KEY_NSCameraUsageDescription = "Used to photograph your supplies for easy identification.";
				INFOPLIST_KEY_UIApplicationSceneManifest_Generation = YES;
				INFOPLIST_KEY_UIApplicationSupportsIndirectInputEvents = YES;
				INFOPLIST_KEY_UILaunchScreen_Generation = YES;
				INFOPLIST_KEY_UISupportedInterfaceOrientations_iPad = "UIInterfaceOrientationPortrait UIInterfaceOrientationPortraitUpsideDown UIInterfaceOrientationLandscapeLeft UIInterfaceOrientationLandscapeRight";
				INFOPLIST_KEY_UISupportedInterfaceOrientations_iPhone = "UIInterfaceOrientationPortrait UIInterfaceOrientationLandscapeLeft UIInterfaceOrientationLandscapeRight";
				LD_RUNPATH_SEARCH_PATHS = (
					"$(inherited)",
					"@executable_path/Frameworks",
				);
				MARKETING_VERSION = 1.0;
				PRODUCT_BUNDLE_IDENTIFIER = CharlieW.MyInventory;
				PRODUCT_NAME = "$(TARGET_NAME)";
				STRING_CATALOG_GENERATE_SYMBOLS = YES;
				SWIFT_APPROACHABLE_CONCURRENCY = YES;
				SWIFT_DEFAULT_ACTOR_ISOLATION = MainActor;
				SWIFT_EMIT_LOC_STRINGS = YES;
				SWIFT_UPCOMING_FEATURE_MEMBER_IMPORT_VISIBILITY = YES;
				SWIFT_VERSION = 5.0;
				TARGETED_DEVICE_FAMILY = "1,2";
			};
			name = Release;
		};
		4B512D5F2FD6867C0054983D /* Debug */ = {
			isa = XCBuildConfiguration;
			buildSettings = {
				BUNDLE_LOADER = "$(TEST_HOST)";
				CODE_SIGN_STYLE = Automatic;
				CURRENT_PROJECT_VERSION = 5;
				DEVELOPMENT_TEAM = 974NJFKQLF;
				GENERATE_INFOPLIST_FILE = YES;
				IPHONEOS_DEPLOYMENT_TARGET = 26.0;
				MARKETING_VERSION = 1.0;
				PRODUCT_BUNDLE_IDENTIFIER = CharlieW.MyInventoryTests;
				PRODUCT_NAME = "$(TARGET_NAME)";
				STRING_CATALOG_GENERATE_SYMBOLS = NO;
				SWIFT_APPROACHABLE_CONCURRENCY = YES;
				SWIFT_EMIT_LOC_STRINGS = NO;
				SWIFT_UPCOMING_FEATURE_MEMBER_IMPORT_VISIBILITY = YES;
				SWIFT_VERSION = 5.0;
				TARGETED_DEVICE_FAMILY = "1,2";
				TEST_HOST = "$(BUILT_PRODUCTS_DIR)/MyInventory.app/$(BUNDLE_EXECUTABLE_FOLDER_PATH)/MyInventory";
			};
			name = Debug;
		};
		4B512D602FD6867C0054983D /* Release */ = {
			isa = XCBuildConfiguration;
			buildSettings = {
				BUNDLE_LOADER = "$(TEST_HOST)";
				CODE_SIGN_STYLE = Automatic;
				CURRENT_PROJECT_VERSION = 5;
				DEVELOPMENT_TEAM = 974NJFKQLF;
				GENERATE_INFOPLIST_FILE = YES;
				IPHONEOS_DEPLOYMENT_TARGET = 26.0;
				MARKETING_VERSION = 1.0;
				PRODUCT_BUNDLE_IDENTIFIER = CharlieW.MyInventoryTests;
				PRODUCT_NAME = "$(TARGET_NAME)";
				STRING_CATALOG_GENERATE_SYMBOLS = NO;
				SWIFT_APPROACHABLE_CONCURRENCY = YES;
				SWIFT_EMIT_LOC_STRINGS = NO;
				SWIFT_UPCOMING_FEATURE_MEMBER_IMPORT_VISIBILITY = YES;
				SWIFT_VERSION = 5.0;
				TARGETED_DEVICE_FAMILY = "1,2";
				TEST_HOST = "$(BUILT_PRODUCTS_DIR)/MyInventory.app/$(BUNDLE_EXECUTABLE_FOLDER_PATH)/MyInventory";
			};
			name = Release;
		};
		AA10000000000000000000A7 /* Debug */ = {
			isa = XCBuildConfiguration;
			buildSettings = {
				CODE_SIGN_ENTITLEMENTS = MyInventoryWidgets/MyInventoryWidgets.entitlements;
				CODE_SIGN_STYLE = Automatic;
				CURRENT_PROJECT_VERSION = 5;
				DEVELOPMENT_TEAM = 974NJFKQLF;
				GENERATE_INFOPLIST_FILE = YES;
				INFOPLIST_FILE = MyInventoryWidgets/Info.plist;
				INFOPLIST_KEY_CFBundleDisplayName = MyInventoryWidgets;
				IPHONEOS_DEPLOYMENT_TARGET = 26.0;
				LD_RUNPATH_SEARCH_PATHS = (
					"$(inherited)",
					"@executable_path/Frameworks",
					"@executable_path/../../Frameworks",
				);
				MARKETING_VERSION = 1.0;
				PRODUCT_BUNDLE_IDENTIFIER = CharlieW.MyInventory.MyInventoryWidgets;
				PRODUCT_NAME = "$(TARGET_NAME)";
				SKIP_INSTALL = YES;
				SWIFT_EMIT_LOC_STRINGS = YES;
				SWIFT_VERSION = 5.0;
				TARGETED_DEVICE_FAMILY = "1,2";
			};
			name = Debug;
		};
		AA10000000000000000000A8 /* Release */ = {
			isa = XCBuildConfiguration;
			buildSettings = {
				CODE_SIGN_ENTITLEMENTS = MyInventoryWidgets/MyInventoryWidgets.entitlements;
				CODE_SIGN_IDENTITY = "Apple Distribution";
				CODE_SIGN_STYLE = Manual;
				PROVISIONING_PROFILE_SPECIFIER = "MyInventory Widgets App Store";
				CURRENT_PROJECT_VERSION = 5;
				DEVELOPMENT_TEAM = 974NJFKQLF;
				GENERATE_INFOPLIST_FILE = YES;
				INFOPLIST_FILE = MyInventoryWidgets/Info.plist;
				INFOPLIST_KEY_CFBundleDisplayName = MyInventoryWidgets;
				IPHONEOS_DEPLOYMENT_TARGET = 26.0;
				LD_RUNPATH_SEARCH_PATHS = (
					"$(inherited)",
					"@executable_path/Frameworks",
					"@executable_path/../../Frameworks",
				);
				MARKETING_VERSION = 1.0;
				PRODUCT_BUNDLE_IDENTIFIER = CharlieW.MyInventory.MyInventoryWidgets;
				PRODUCT_NAME = "$(TARGET_NAME)";
				SKIP_INSTALL = YES;
				SWIFT_EMIT_LOC_STRINGS = YES;
				SWIFT_VERSION = 5.0;
				TARGETED_DEVICE_FAMILY = "1,2";
			};
			name = Release;
		};
		4B512D622FD6867C0054983D /* Debug */ = {
			isa = XCBuildConfiguration;
			buildSettings = {
				CODE_SIGN_STYLE = Automatic;
				CURRENT_PROJECT_VERSION = 5;
				DEVELOPMENT_TEAM = 974NJFKQLF;
				GENERATE_INFOPLIST_FILE = YES;
				MARKETING_VERSION = 1.0;
				PRODUCT_BUNDLE_IDENTIFIER = CharlieW.MyInventoryUITests;
				PRODUCT_NAME = "$(TARGET_NAME)";
				STRING_CATALOG_GENERATE_SYMBOLS = NO;
				SWIFT_APPROACHABLE_CONCURRENCY = YES;
				SWIFT_EMIT_LOC_STRINGS = NO;
				SWIFT_UPCOMING_FEATURE_MEMBER_IMPORT_VISIBILITY = YES;
				SWIFT_VERSION = 5.0;
				TARGETED_DEVICE_FAMILY = "1,2";
				TEST_TARGET_NAME = MyInventory;
			};
			name = Debug;
		};
		4B512D632FD6867C0054983D /* Release */ = {
			isa = XCBuildConfiguration;
			buildSettings = {
				CODE_SIGN_STYLE = Automatic;
				CURRENT_PROJECT_VERSION = 5;
				DEVELOPMENT_TEAM = 974NJFKQLF;
				GENERATE_INFOPLIST_FILE = YES;
				MARKETING_VERSION = 1.0;
				PRODUCT_BUNDLE_IDENTIFIER = CharlieW.MyInventoryUITests;
				PRODUCT_NAME = "$(TARGET_NAME)";
				STRING_CATALOG_GENERATE_SYMBOLS = NO;
				SWIFT_APPROACHABLE_CONCURRENCY = YES;
				SWIFT_EMIT_LOC_STRINGS = NO;
				SWIFT_UPCOMING_FEATURE_MEMBER_IMPORT_VISIBILITY = YES;
				SWIFT_VERSION = 5.0;
				TARGETED_DEVICE_FAMILY = "1,2";
				TEST_TARGET_NAME = MyInventory;
			};
			name = Release;
		};
/* End XCBuildConfiguration section */

/* Begin XCConfigurationList section */
		4B512D332FD6867B0054983D /* Build configuration list for PBXProject "MyInventory" */ = {
			isa = XCConfigurationList;
			buildConfigurations = (
				4B512D592FD6867C0054983D /* Debug */,
				4B512D5A2FD6867C0054983D /* Release */,
			);
			defaultConfigurationIsVisible = 0;
			defaultConfigurationName = Release;
		};
		4B512D5B2FD6867C0054983D /* Build configuration list for PBXNativeTarget "MyInventory" */ = {
			isa = XCConfigurationList;
			buildConfigurations = (
				4B512D5C2FD6867C0054983D /* Debug */,
				4B512D5D2FD6867C0054983D /* Release */,
			);
			defaultConfigurationIsVisible = 0;
			defaultConfigurationName = Release;
		};
		4B512D5E2FD6867C0054983D /* Build configuration list for PBXNativeTarget "MyInventoryTests" */ = {
			isa = XCConfigurationList;
			buildConfigurations = (
				4B512D5F2FD6867C0054983D /* Debug */,
				4B512D602FD6867C0054983D /* Release */,
			);
			defaultConfigurationIsVisible = 0;
			defaultConfigurationName = Release;
		};
		4B512D612FD6867C0054983D /* Build configuration list for PBXNativeTarget "MyInventoryUITests" */ = {
			isa = XCConfigurationList;
			buildConfigurations = (
				4B512D622FD6867C0054983D /* Debug */,
				4B512D632FD6867C0054983D /* Release */,
			);
			defaultConfigurationIsVisible = 0;
			defaultConfigurationName = Release;
		};
		AA10000000000000000000A9 /* Build configuration list for PBXNativeTarget "MyInventoryWidgets" */ = {
			isa = XCConfigurationList;
			buildConfigurations = (
				AA10000000000000000000A7 /* Debug */,
				AA10000000000000000000A8 /* Release */,
			);
			defaultConfigurationIsVisible = 0;
			defaultConfigurationName = Release;
		};
/* End XCConfigurationList section */

/* Begin XCRemoteSwiftPackageReference section */
		5CB0DA000000000000000001 /* XCRemoteSwiftPackageReference "swift-sodium" */ = {
			isa = XCRemoteSwiftPackageReference;
			repositoryURL = "https://github.com/jedisct1/swift-sodium.git";
			requirement = {
				kind = exactVersion;
				version = 0.11.0;
			};
		};
/* End XCRemoteSwiftPackageReference section */

/* Begin XCSwiftPackageProductDependency section */
		5CB0DA000000000000000002 /* Clibsodium */ = {
			isa = XCSwiftPackageProductDependency;
			package = 5CB0DA000000000000000001 /* XCRemoteSwiftPackageReference "swift-sodium" */;
			productName = Clibsodium;
		};
/* End XCSwiftPackageProductDependency section */
	};
	rootObject = 4B512D302FD6867B0054983D /* Project object */;
}
